
Microsoft Visual Studio Solution File, Format Version 12.00
# Visual Studio Version 17
VisualStudioVersion = 17.5.002.0
MinimumVisualStudioVersion = 10.0.40219.1
Project("{9A19103F-16F7-4668-BE54-9A1E7A4F7556}") = "Ativ_4", "Ativ_4.csproj", "{BE17F636-7BBC-497C-8A79-45B7A0079D9B}"
EndProject
Global
	GlobalSection(SolutionConfigurationPlatforms) = preSolution
		Debug|Any CPU = Debug|Any CPU
		Release|Any CPU = Release|Any CPU
	EndGlobalSection
	GlobalSection(ProjectConfigurationPlatforms) = postSolution
		{BE17F636-7BBC-497C-8A79-45B7A0079D9B}.Debug|Any CPU.ActiveCfg = Debug|Any CPU
		{BE17F636-7BBC-497C-8A79-45B7A0079D9B}.Debug|Any CPU.Build.0 = Debug|Any CPU
		{BE17F636-7BBC-497C-8A79-45B7A0079D9B}.Release|Any CPU.ActiveCfg = Release|Any CPU
		{BE17F636-7BBC-497C-8A79-45B7A0079D9B}.Release|Any CPU.Build.0 = Release|Any CPU
	EndGlobalSection
	GlobalSection(SolutionProperties) = preSolution
		HideSolutionNode = FALSE
	EndGlobalSection
	GlobalSection(ExtensibilityGlobals) = postSolution
		SolutionGuid = {451A9616-89F3-4DD9-A99B-2FBE45AE0370}
	EndGlobalSection
EndGlobal
