
Microsoft Visual Studio Solution File, Format Version 12.00
# Visual Studio Version 17
VisualStudioVersion = 17.5.002.0
MinimumVisualStudioVersion = 10.0.40219.1
Project("{9A19103F-16F7-4668-BE54-9A1E7A4F7556}") = "Ativ_4", "Ativ_4\Ativ_4.csproj", "{DA7DFFC2-BCFA-4C37-97A8-2546EA07844E}"
EndProject
Project("{FAE04EC0-301F-11D3-BF4B-00C04F79EFBC}") = "Ativ_5", "Ativ_5\Ativ_5.csproj", "{1B83B844-06B0-43BC-8B21-C3CEE6529CED}"
EndProject
Project("{FAE04EC0-301F-11D3-BF4B-00C04F79EFBC}") = "Ativ_6", "Ativ_6\Ativ_6.csproj", "{F546232D-622A-4B59-BEF2-311DF4DEA30D}"
EndProject
Project("{FAE04EC0-301F-11D3-BF4B-00C04F79EFBC}") = "Ativ_7", "Ativ_7\Ativ_7.csproj", "{8D2443E4-F627-4FFE-ADD2-56CD9D9EB16F}"
EndProject
Project("{FAE04EC0-301F-11D3-BF4B-00C04F79EFBC}") = "Ativ_8", "Ativ_8\Ativ_8.csproj", "{43EB1638-D2BA-4BED-9591-9152626357A6}"
EndProject
Global
	GlobalSection(SolutionConfigurationPlatforms) = preSolution
		Debug|Any CPU = Debug|Any CPU
		Release|Any CPU = Release|Any CPU
	EndGlobalSection
	GlobalSection(ProjectConfigurationPlatforms) = postSolution
		{DA7DFFC2-BCFA-4C37-97A8-2546EA07844E}.Debug|Any CPU.ActiveCfg = Debug|Any CPU
		{DA7DFFC2-BCFA-4C37-97A8-2546EA07844E}.Debug|Any CPU.Build.0 = Debug|Any CPU
		{DA7DFFC2-BCFA-4C37-97A8-2546EA07844E}.Release|Any CPU.ActiveCfg = Release|Any CPU
		{DA7DFFC2-BCFA-4C37-97A8-2546EA07844E}.Release|Any CPU.Build.0 = Release|Any CPU
		{1B83B844-06B0-43BC-8B21-C3CEE6529CED}.Debug|Any CPU.ActiveCfg = Debug|Any CPU
		{1B83B844-06B0-43BC-8B21-C3CEE6529CED}.Debug|Any CPU.Build.0 = Debug|Any CPU
		{1B83B844-06B0-43BC-8B21-C3CEE6529CED}.Release|Any CPU.ActiveCfg = Release|Any CPU
		{1B83B844-06B0-43BC-8B21-C3CEE6529CED}.Release|Any CPU.Build.0 = Release|Any CPU
		{F546232D-622A-4B59-BEF2-311DF4DEA30D}.Debug|Any CPU.ActiveCfg = Debug|Any CPU
		{F546232D-622A-4B59-BEF2-311DF4DEA30D}.Debug|Any CPU.Build.0 = Debug|Any CPU
		{F546232D-622A-4B59-BEF2-311DF4DEA30D}.Release|Any CPU.ActiveCfg = Release|Any CPU
		{F546232D-622A-4B59-BEF2-311DF4DEA30D}.Release|Any CPU.Build.0 = Release|Any CPU
		{8D2443E4-F627-4FFE-ADD2-56CD9D9EB16F}.Debug|Any CPU.ActiveCfg = Debug|Any CPU
		{8D2443E4-F627-4FFE-ADD2-56CD9D9EB16F}.Debug|Any CPU.Build.0 = Debug|Any CPU
		{8D2443E4-F627-4FFE-ADD2-56CD9D9EB16F}.Release|Any CPU.ActiveCfg = Release|Any CPU
		{8D2443E4-F627-4FFE-ADD2-56CD9D9EB16F}.Release|Any CPU.Build.0 = Release|Any CPU
		{43EB1638-D2BA-4BED-9591-9152626357A6}.Debug|Any CPU.ActiveCfg = Debug|Any CPU
		{43EB1638-D2BA-4BED-9591-9152626357A6}.Debug|Any CPU.Build.0 = Debug|Any CPU
		{43EB1638-D2BA-4BED-9591-9152626357A6}.Release|Any CPU.ActiveCfg = Release|Any CPU
		{43EB1638-D2BA-4BED-9591-9152626357A6}.Release|Any CPU.Build.0 = Release|Any CPU
	EndGlobalSection
	GlobalSection(SolutionProperties) = preSolution
		HideSolutionNode = FALSE
	EndGlobalSection
	GlobalSection(ExtensibilityGlobals) = postSolution
		SolutionGuid = {3D074AB5-A4BF-4822-B06D-D97660D8E8B1}
	EndGlobalSection
EndGlobal
